// !$*UTF8*$!
{
	archiveVersion = 1;
	classes = {
	};
	objectVersion = 56;
	objects = {

/* Begin PBXBuildFile section */
		7E2FF1782C6F56E200443EF3 /* APIManager.swift in Sources */ = {isa = PBXBuildFile; fileRef = 7E2FF1772C6F56E200443EF3 /* APIManager.swift */; };
		7E2FF17B2C6F572B00443EF3 /* EndpointEnum.swift in Sources */ = {isa = PBXBuildFile; fileRef = 7E2FF17A2C6F572B00443EF3 /* EndpointEnum.swift */; };
		7E971B382C6F547A00AF458A /* SwordApp.swift in Sources */ = {isa = PBXBuildFile; fileRef = 7E971B372C6F547A00AF458A /* SwordApp.swift */; };
		7E971B3A2C6F547A00AF458A /* ContentView.swift in Sources */ = {isa = PBXBuildFile; fileRef = 7E971B392C6F547A00AF458A /* ContentView.swift */; };
		7E971B3C2C6F547B00AF458A /* Assets.xcassets in Resources */ = {isa = PBXBuildFile; fileRef = 7E971B3B2C6F547B00AF458A /* Assets.xcassets */; };
		7E971B3F2C6F547B00AF458A /* Preview Assets.xcassets in Resources */ = {isa = PBXBuildFile; fileRef = 7E971B3E2C6F547B00AF458A /* Preview Assets.xcassets */; };
		7E971B492C6F547C00AF458A /* SwordTests.swift in Sources */ = {isa = PBXBuildFile; fileRef = 7E971B482C6F547C00AF458A /* SwordTests.swift */; };
		7E971B532C6F547C00AF458A /* SwordUITests.swift in Sources */ = {isa = PBXBuildFile; fileRef = 7E971B522C6F547C00AF458A /* SwordUITests.swift */; };
		7E971B552C6F547C00AF458A /* SwordUITestsLaunchTests.swift in Sources */ = {isa = PBXBuildFile; fileRef = 7E971B542C6F547C00AF458A /* SwordUITestsLaunchTests.swift */; };
/* End PBXBuildFile section */

/* Begin PBXContainerItemProxy section */
		7E971B452C6F547C00AF458A /* PBXContainerItemProxy */ = {
			isa = PBXContainerItemProxy;
			containerPortal = 7E971B2C2C6F547A00AF458A /* Project object */;
			proxyType = 1;
			remoteGlobalIDString = 7E971B332C6F547A00AF458A;
			remoteInfo = Sword;
		};
		7E971B4F2C6F547C00AF458A /* PBXContainerItemProxy */ = {
			isa = PBXContainerItemProxy;
			containerPortal = 7E971B2C2C6F547A00AF458A /* Project object */;
			proxyType = 1;
			remoteGlobalIDString = 7E971B332C6F547A00AF458A;
			remoteInfo = Sword;
		};
/* End PBXContainerItemProxy section */

/* Begin PBXFileReference section */
		7E2FF1772C6F56E200443EF3 /* APIManager.swift */ = {isa = PBXFileReference; lastKnownFileType = sourcecode.swift; path = APIManager.swift; sourceTree = "<group>"; };
		7E2FF17A2C6F572B00443EF3 /* EndpointEnum.swift */ = {isa = PBXFileReference; lastKnownFileType = sourcecode.swift; path = EndpointEnum.swift; sourceTree = "<group>"; };
		7E971B342C6F547A00AF458A /* Sword.app */ = {isa = PBXFileReference; explicitFileType = wrapper.application; includeInIndex = 0; path = Sword.app; sourceTree = BUILT_PRODUCTS_DIR; };
		7E971B372C6F547A00AF458A /* SwordApp.swift */ = {isa = PBXFileReference; lastKnownFileType = sourcecode.swift; path = SwordApp.swift; sourceTree = "<group>"; };
		7E971B392C6F547A00AF458A /* ContentView.swift */ = {isa = PBXFileReference; lastKnownFileType = sourcecode.swift; path = ContentView.swift; sourceTree = "<group>"; };
		7E971B3B2C6F547B00AF458A /* Assets.xcassets */ = {isa = PBXFileReference; lastKnownFileType = folder.assetcatalog; path = Assets.xcassets; sourceTree = "<group>"; };
		7E971B3E2C6F547B00AF458A /* Preview Assets.xcassets */ = {isa = PBXFileReference; lastKnownFileType = folder.assetcatalog; path = "Preview Assets.xcassets"; sourceTree = "<group>"; };
		7E971B442C6F547C00AF458A /* SwordTests.xctest */ = {isa = PBXFileReference; explicitFileType = wrapper.cfbundle; includeInIndex = 0; path = SwordTests.xctest; sourceTree = BUILT_PRODUCTS_DIR; };
		7E971B482C6F547C00AF458A /* SwordTests.swift */ = {isa = PBXFileReference; lastKnownFileType = sourcecode.swift; path = SwordTests.swift; sourceTree = "<group>"; };
		7E971B4E2C6F547C00AF458A /* SwordUITests.xctest */ = {isa = PBXFileReference; explicitFileType = wrapper.cfbundle; includeInIndex = 0; path = SwordUITests.xctest; sourceTree = BUILT_PRODUCTS_DIR; };
		7E971B522C6F547C00AF458A /* SwordUITests.swift */ = {isa = PBXFileReference; lastKnownFileType = sourcecode.swift; path = SwordUITests.swift; sourceTree = "<group>"; };
		7E971B542C6F547C00AF458A /* SwordUITestsLaunchTests.swift */ = {isa = PBXFileReference; lastKnownFileType = sourcecode.swift; path = SwordUITestsLaunchTests.swift; sourceTree = "<group>"; };
/* End PBXFileReference section */

/* Begin PBXFrameworksBuildPhase section */
		7E971B312C6F547A00AF458A /* Frameworks */ = {
			isa = PBXFrameworksBuildPhase;
			buildActionMask = 2147483647;
			files = (
			);
			runOnlyForDeploymentPostprocessing = 0;
		};
		7E971B412C6F547C00AF458A /* Frameworks */ = {
			isa = PBXFrameworksBuildPhase;
			buildActionMask = 2147483647;
			files = (
			);
			runOnlyForDeploymentPostprocessing = 0;
		};
		7E971B4B2C6F547C00AF458A /* Frameworks */ = {
			isa = PBXFrameworksBuildPhase;
			buildActionMask = 2147483647;
			files = (
			);
			runOnlyForDeploymentPostprocessing = 0;
		};
/* End PBXFrameworksBuildPhase section */

/* Begin PBXGroup section */
		7E2FF1792C6F56E700443EF3 /* Managers */ = {
			isa = PBXGroup;
			children = (
				7E2FF1772C6F56E200443EF3 /* APIManager.swift */,
				7E2FF17A2C6F572B00443EF3 /* EndpointEnum.swift */,
			);
			path = Managers;
			sourceTree = "<group>";
		};
		7E971B2B2C6F547A00AF458A = {
			isa = PBXGroup;
			children = (
				7E971B362C6F547A00AF458A /* Sword */,
				7E971B472C6F547C00AF458A /* SwordTests */,
				7E971B512C6F547C00AF458A /* SwordUITests */,
				7E971B352C6F547A00AF458A /* Products */,
			);
			sourceTree = "<group>";
		};
		7E971B352C6F547A00AF458A /* Products */ = {
			isa = PBXGroup;
			children = (
				7E971B342C6F547A00AF458A /* Sword.app */,
				7E971B442C6F547C00AF458A /* SwordTests.xctest */,
				7E971B4E2C6F547C00AF458A /* SwordUITests.xctest */,
			);
			name = Products;
			sourceTree = "<group>";
		};
		7E971B362C6F547A00AF458A /* Sword */ = {
			isa = PBXGroup;
			children = (
				7E971B372C6F547A00AF458A /* SwordApp.swift */,
				7E971B392C6F547A00AF458A /* ContentView.swift */,
				7E2FF1792C6F56E700443EF3 /* Managers */,
				7E971B3B2C6F547B00AF458A /* Assets.xcassets */,
				7E971B3D2C6F547B00AF458A /* Preview Content */,
			);
			path = Sword;
			sourceTree = "<group>";
		};
		7E971B3D2C6F547B00AF458A /* Preview Content */ = {
			isa = PBXGroup;
			children = (
				7E971B3E2C6F547B00AF458A /* Preview Assets.xcassets */,
			);
			path = "Preview Content";
			sourceTree = "<group>";
		};
		7E971B472C6F547C00AF458A /* SwordTests */ = {
			isa = PBXGroup;
			children = (
				7E971B482C6F547C00AF458A /* SwordTests.swift */,
			);
			path = SwordTests;
			sourceTree = "<group>";
		};
		7E971B512C6F547C00AF458A /* SwordUITests */ = {
			isa = PBXGroup;
			children = (
				7E971B522C6F547C00AF458A /* SwordUITests.swift */,
				7E971B542C6F547C00AF458A /* SwordUITestsLaunchTests.swift */,
			);
			path = SwordUITests;
			sourceTree = "<group>";
		};
/* End PBXGroup section */

/* Begin PBXNativeTarget section */
		7E971B332C6F547A00AF458A /* Sword */ = {
			isa = PBXNativeTarget;
			buildConfigurationList = 7E971B582C6F547C00AF458A /* Build configuration list for PBXNativeTarget "Sword" */;
			buildPhases = (
				7E971B302C6F547A00AF458A /* Sources */,
				7E971B312C6F547A00AF458A /* Frameworks */,
				7E971B322C6F547A00AF458A /* Resources */,
			);
			buildRules = (
			);
			dependencies = (
			);
			name = Sword;
			productName = Sword;
			productReference = 7E971B342C6F547A00AF458A /* Sword.app */;
			productType = "com.apple.product-type.application";
		};
		7E971B432C6F547C00AF458A /* SwordTests */ = {
			isa = PBXNativeTarget;
			buildConfigurationList = 7E971B5B2C6F547C00AF458A /* Build configuration list for PBXNativeTarget "SwordTests" */;
			buildPhases = (
				7E971B402C6F547C00AF458A /* Sources */,
				7E971B412C6F547C00AF458A /* Frameworks */,
				7E971B422C6F547C00AF458A /* Resources */,
			);
			buildRules = (
			);
			dependencies = (
				7E971B462C6F547C00AF458A /* PBXTargetDependency */,
			);
			name = SwordTests;
			productName = SwordTests;
			productReference = 7E971B442C6F547C00AF458A /* SwordTests.xctest */;
			productType = "com.apple.product-type.bundle.unit-test";
		};
		7E971B4D2C6F547C00AF458A /* SwordUITests */ = {
			isa = PBXNativeTarget;
			buildConfigurationList = 7E971B5E2C6F547C00AF458A /* Build configuration list for PBXNativeTarget "SwordUITests" */;
			buildPhases = (
				7E971B4A2C6F547C00AF458A /* Sources */,
				7E971B4B2C6F547C00AF458A /* Frameworks */,
				7E971B4C2C6F547C00AF458A /* Resources */,
			);
			buildRules = (
			);
			dependencies = (
				7E971B502C6F547C00AF458A /* PBXTargetDependency */,
			);
			name = SwordUITests;
			productName = SwordUITests;
			productReference = 7E971B4E2C6F547C00AF458A /* SwordUITests.xctest */;
			productType = "com.apple.product-type.bundle.ui-testing";
		};
/* End PBXNativeTarget section */

/* Begin PBXProject section */
		7E971B2C2C6F547A00AF458A /* Project object */ = {
			isa = PBXProject;
			attributes = {
				BuildIndependentTargetsInParallel = 1;
				LastSwiftUpdateCheck = 1430;
				LastUpgradeCheck = 1430;
				TargetAttributes = {
					7E971B332C6F547A00AF458A = {
						CreatedOnToolsVersion = 14.3.1;
					};
					7E971B432C6F547C00AF458A = {
						CreatedOnToolsVersion = 14.3.1;
						TestTargetID = 7E971B332C6F547A00AF458A;
					};
					7E971B4D2C6F547C00AF458A = {
						CreatedOnToolsVersion = 14.3.1;
						TestTargetID = 7E971B332C6F547A00AF458A;
					};
				};
			};
			buildConfigurationList = 7E971B2F2C6F547A00AF458A /* Build configuration list for PBXProject "Sword" */;
			compatibilityVersion = "Xcode 14.0";
			developmentRegion = en;
			hasScannedForEncodings = 0;
			knownRegions = (
				en,
				Base,
			);
			mainGroup = 7E971B2B2C6F547A00AF458A;
			productRefGroup = 7E971B352C6F547A00AF458A /* Products */;
			projectDirPath = "";
			projectRoot = "";
			targets = (
				7E971B332C6F547A00AF458A /* Sword */,
				7E971B432C6F547C00AF458A /* SwordTests */,
				7E971B4D2C6F547C00AF458A /* SwordUITests */,
			);
		};
/* End PBXProject section */

/* Begin PBXResourcesBuildPhase section */
		7E971B322C6F547A00AF458A /* Resources */ = {
			isa = PBXResourcesBuildPhase;
			buildActionMask = 2147483647;
			files = (
				7E971B3F2C6F547B00AF458A /* Preview Assets.xcassets in Resources */,
				7E971B3C2C6F547B00AF458A /* Assets.xcassets in Resources */,
			);
			runOnlyForDeploymentPostprocessing = 0;
		};
		7E971B422C6F547C00AF458A /* Resources */ = {
			isa = PBXResourcesBuildPhase;
			buildActionMask = 2147483647;
			files = (
			);
			runOnlyForDeploymentPostprocessing = 0;
		};
		7E971B4C2C6F547C00AF458A /* Resources */ = {
			isa = PBXResourcesBuildPhase;
			buildActionMask = 2147483647;
			files = (
			);
			runOnlyForDeploymentPostprocessing = 0;
		};
/* End PBXResourcesBuildPhase section */

/* Begin PBXSourcesBuildPhase section */
		7E971B302C6F547A00AF458A /* Sources */ = {
			isa = PBXSourcesBuildPhase;
			buildActionMask = 2147483647;
			files = (
				7E2FF1782C6F56E200443EF3 /* APIManager.swift in Sources */,
				7E971B3A2C6F547A00AF458A /* ContentView.swift in Sources */,
				7E971B382C6F547A00AF458A /* SwordApp.swift in Sources */,
				7E2FF17B2C6F572B00443EF3 /* EndpointEnum.swift in Sources */,
			);
			runOnlyForDeploymentPostprocessing = 0;
		};
		7E971B402C6F547C00AF458A /* Sources */ = {
			isa = PBXSourcesBuildPhase;
			buildActionMask = 2147483647;
			files = (
				7E971B492C6F547C00AF458A /* SwordTests.swift in Sources */,
			);
			runOnlyForDeploymentPostprocessing = 0;
		};
		7E971B4A2C6F547C00AF458A /* Sources */ = {
			isa = PBXSourcesBuildPhase;
			buildActionMask = 2147483647;
			files = (
				7E971B552C6F547C00AF458A /* SwordUITestsLaunchTests.swift in Sources */,
				7E971B532C6F547C00AF458A /* SwordUITests.swift in Sources */,
			);
			runOnlyForDeploymentPostprocessing = 0;
		};
/* End PBXSourcesBuildPhase section */

/* Begin PBXTargetDependency section */
		7E971B462C6F547C00AF458A /* PBXTargetDependency */ = {
			isa = PBXTargetDependency;
			target = 7E971B332C6F547A00AF458A /* Sword */;
			targetProxy = 7E971B452C6F547C00AF458A /* PBXContainerItemProxy */;
		};
		7E971B502C6F547C00AF458A /* PBXTargetDependency */ = {
			isa = PBXTargetDependency;
			target = 7E971B332C6F547A00AF458A /* Sword */;
			targetProxy = 7E971B4F2C6F547C00AF458A /* PBXContainerItemProxy */;
		};
/* End PBXTargetDependency section */

/* Begin XCBuildConfiguration section */
		7E971B562C6F547C00AF458A /* Debug */ = {
			isa = XCBuildConfiguration;
			buildSettings = {
				ALWAYS_SEARCH_USER_PATHS = NO;
				CLANG_ANALYZER_NONNULL = YES;
				CLANG_ANALYZER_NUMBER_OBJECT_CONVERSION = YES_AGGRESSIVE;
				CLANG_CXX_LANGUAGE_STANDARD = "gnu++20";
				CLANG_ENABLE_MODULES = YES;
				CLANG_ENABLE_OBJC_ARC = YES;
				CLANG_ENABLE_OBJC_WEAK = YES;
				CLANG_WARN_BLOCK_CAPTURE_AUTORELEASING = YES;
				CLANG_WARN_BOOL_CONVERSION = YES;
				CLANG_WARN_COMMA = YES;
				CLANG_WARN_CONSTANT_CONVERSION = YES;
				CLANG_WARN_DEPRECATED_OBJC_IMPLEMENTATIONS = YES;
				CLANG_WARN_DIRECT_OBJC_ISA_USAGE = YES_ERROR;
				CLANG_WARN_DOCUMENTATION_COMMENTS = YES;
				CLANG_WARN_EMPTY_BODY = YES;
				CLANG_WARN_ENUM_CONVERSION = YES;
				CLANG_WARN_INFINITE_RECURSION = YES;
				CLANG_WARN_INT_CONVERSION = YES;
				CLANG_WARN_NON_LITERAL_NULL_CONVERSION = YES;
				CLANG_WARN_OBJC_IMPLICIT_RETAIN_SELF = YES;
				CLANG_WARN_OBJC_LITERAL_CONVERSION = YES;
				CLANG_WARN_OBJC_ROOT_CLASS = YES_ERROR;
				CLANG_WARN_QUOTED_INCLUDE_IN_FRAMEWORK_HEADER = YES;
				CLANG_WARN_RANGE_LOOP_ANALYSIS = YES;
				CLANG_WARN_STRICT_PROTOTYPES = YES;
				CLANG_WARN_SUSPICIOUS_MOVE = YES;
				CLANG_WARN_UNGUARDED_AVAILABILITY = YES_AGGRESSIVE;
				CLANG_WARN_UNREACHABLE_CODE = YES;
				CLANG_WARN__DUPLICATE_METHOD_MATCH = YES;
				COPY_PHASE_STRIP = NO;
				DEBUG_INFORMATION_FORMAT = dwarf;
				ENABLE_STRICT_OBJC_MSGSEND = YES;
				ENABLE_TESTABILITY = YES;
				GCC_C_LANGUAGE_STANDARD = gnu11;
				GCC_DYNAMIC_NO_PIC = NO;
				GCC_NO_COMMON_BLOCKS = YES;
				GCC_OPTIMIZATION_LEVEL = 0;
				GCC_PREPROCESSOR_DEFINITIONS = (
					"DEBUG=1",
					"$(inherited)",
				);
				GCC_WARN_64_TO_32_BIT_CONVERSION = YES;
				GCC_WARN_ABOUT_RETURN_TYPE = YES_ERROR;
				GCC_WARN_UNDECLARED_SELECTOR = YES;
				GCC_WARN_UNINITIALIZED_AUTOS = YES_AGGRESSIVE;
				GCC_WARN_UNUSED_FUNCTION = YES;
				GCC_WARN_UNUSED_VARIABLE = YES;
				IPHONEOS_DEPLOYMENT_TARGET = 16.4;
				MTL_ENABLE_DEBUG_INFO = INCLUDE_SOURCE;
				MTL_FAST_MATH = YES;
				ONLY_ACTIVE_ARCH = YES;
				SDKROOT = iphoneos;
				SWIFT_ACTIVE_COMPILATION_CONDITIONS = DEBUG;
				SWIFT_OPTIMIZATION_LEVEL = "-Onone";
			};
			name = Debug;
		};
		7E971B572C6F547C00AF458A /* Release */ = {
			isa = XCBuildConfiguration;
			buildSettings = {
				ALWAYS_SEARCH_USER_PATHS = NO;
				CLANG_ANALYZER_NONNULL = YES;
				CLANG_ANALYZER_NUMBER_OBJECT_CONVERSION = YES_AGGRESSIVE;
				CLANG_CXX_LANGUAGE_STANDARD = "gnu++20";
				CLANG_ENABLE_MODULES = YES;
				CLANG_ENABLE_OBJC_ARC = YES;
				CLANG_ENABLE_OBJC_WEAK = YES;
				CLANG_WARN_BLOCK_CAPTURE_AUTORELEASING = YES;
				CLANG_WARN_BOOL_CONVERSION = YES;
				CLANG_WARN_COMMA = YES;
				CLANG_WARN_CONSTANT_CONVERSION = YES;
				CLANG_WARN_DEPRECATED_OBJC_IMPLEMENTATIONS = YES;
				CLANG_WARN_DIRECT_OBJC_ISA_USAGE = YES_ERROR;
				CLANG_WARN_DOCUMENTATION_COMMENTS = YES;
				CLANG_WARN_EMPTY_BODY = YES;
				CLANG_WARN_ENUM_CONVERSION = YES;
				CLANG_WARN_INFINITE_RECURSION = YES;
				CLANG_WARN_INT_CONVERSION = YES;
				CLANG_WARN_NON_LITERAL_NULL_CONVERSION = YES;
				CLANG_WARN_OBJC_IMPLICIT_RETAIN_SELF = YES;
				CLANG_WARN_OBJC_LITERAL_CONVERSION = YES;
				CLANG_WARN_OBJC_ROOT_CLASS = YES_ERROR;
				CLANG_WARN_QUOTED_INCLUDE_IN_FRAMEWORK_HEADER = YES;
				CLANG_WARN_RANGE_LOOP_ANALYSIS = YES;
				CLANG_WARN_STRICT_PROTOTYPES = YES;
				CLANG_WARN_SUSPICIOUS_MOVE = YES;
				CLANG_WARN_UNGUARDED_AVAILABILITY = YES_AGGRESSIVE;
				CLANG_WARN_UNREACHABLE_CODE = YES;
				CLANG_WARN__DUPLICATE_METHOD_MATCH = YES;
				COPY_PHASE_STRIP = NO;
				DEBUG_INFORMATION_FORMAT = "dwarf-with-dsym";
				ENABLE_NS_ASSERTIONS = NO;
				ENABLE_STRICT_OBJC_MSGSEND = YES;
				GCC_C_LANGUAGE_STANDARD = gnu11;
				GCC_NO_COMMON_BLOCKS = YES;
				GCC_WARN_64_TO_32_BIT_CONVERSION = YES;
				GCC_WARN_ABOUT_RETURN_TYPE = YES_ERROR;
				GCC_WARN_UNDECLARED_SELECTOR = YES;
				GCC_WARN_UNINITIALIZED_AUTOS = YES_AGGRESSIVE;
				GCC_WARN_UNUSED_FUNCTION = YES;
				GCC_WARN_UNUSED_VARIABLE = YES;
				IPHONEOS_DEPLOYMENT_TARGET = 16.4;
				MTL_ENABLE_DEBUG_INFO = NO;
				MTL_FAST_MATH = YES;
				SDKROOT = iphoneos;
				SWIFT_COMPILATION_MODE = wholemodule;
				SWIFT_OPTIMIZATION_LEVEL = "-O";
				VALIDATE_PRODUCT = YES;
			};
			name = Release;
		};
		7E971B592C6F547C00AF458A /* Debug */ = {
			isa = XCBuildConfiguration;
			buildSettings = {
				ASSETCATALOG_COMPILER_APPICON_NAME = AppIcon;
				ASSETCATALOG_COMPILER_GLOBAL_ACCENT_COLOR_NAME = AccentColor;
				CODE_SIGN_STYLE = Automatic;
				CURRENT_PROJECT_VERSION = 1;
				DEVELOPMENT_ASSET_PATHS = "\"Sword/Preview Content\"";
				ENABLE_PREVIEWS = YES;
				GENERATE_INFOPLIST_FILE = YES;
				INFOPLIST_KEY_UIApplicationSceneManifest_Generation = YES;
				INFOPLIST_KEY_UIApplicationSupportsIndirectInputEvents = YES;
				INFOPLIST_KEY_UILaunchScreen_Generation = YES;
				INFOPLIST_KEY_UISupportedInterfaceOrientations_iPad = "UIInterfaceOrientationPortrait UIInterfaceOrientationPortraitUpsideDown UIInterfaceOrientationLandscapeLeft UIInterfaceOrientationLandscapeRight";
				INFOPLIST_KEY_UISupportedInterfaceOrientations_iPhone = "UIInterfaceOrientationPortrait UIInterfaceOrientationLandscapeLeft UIInterfaceOrientationLandscapeRight";
				LD_RUNPATH_SEARCH_PATHS = (
					"$(inherited)",
					"@executable_path/Frameworks",
				);
				MARKETING_VERSION = 1.0;
				PRODUCT_BUNDLE_IDENTIFIER = com.brunosilva.Sword;
				PRODUCT_NAME = "$(TARGET_NAME)";
				SWIFT_EMIT_LOC_STRINGS = YES;
				SWIFT_VERSION = 5.0;
				TARGETED_DEVICE_FAMILY = "1,2";
			};
			name = Debug;
		};
		7E971B5A2C6F547C00AF458A /* Release */ = {
			isa = XCBuildConfiguration;
			buildSettings = {
				ASSETCATALOG_COMPILER_APPICON_NAME = AppIcon;
				ASSETCATALOG_COMPILER_GLOBAL_ACCENT_COLOR_NAME = AccentColor;
				CODE_SIGN_STYLE = Automatic;
				CURRENT_PROJECT_VERSION = 1;
				DEVELOPMENT_ASSET_PATHS = "\"Sword/Preview Content\"";
				ENABLE_PREVIEWS = YES;
				GENERATE_INFOPLIST_FILE = YES;
				INFOPLIST_KEY_UIApplicationSceneManifest_Generation = YES;
				INFOPLIST_KEY_UIApplicationSupportsIndirectInputEvents = YES;
				INFOPLIST_KEY_UILaunchScreen_Generation = YES;
				INFOPLIST_KEY_UISupportedInterfaceOrientations_iPad = "UIInterfaceOrientationPortrait UIInterfaceOrientationPortraitUpsideDown UIInterfaceOrientationLandscapeLeft UIInterfaceOrientationLandscapeRight";
				INFOPLIST_KEY_UISupportedInterfaceOrientations_iPhone = "UIInterfaceOrientationPortrait UIInterfaceOrientationLandscapeLeft UIInterfaceOrientationLandscapeRight";
				LD_RUNPATH_SEARCH_PATHS = (
					"$(inherited)",
					"@executable_path/Frameworks",
				);
				MARKETING_VERSION = 1.0;
				PRODUCT_BUNDLE_IDENTIFIER = com.brunosilva.Sword;
				PRODUCT_NAME = "$(TARGET_NAME)";
				SWIFT_EMIT_LOC_STRINGS = YES;
				SWIFT_VERSION = 5.0;
				TARGETED_DEVICE_FAMILY = "1,2";
			};
			name = Release;
		};
		7E971B5C2C6F547C00AF458A /* Debug */ = {
			isa = XCBuildConfiguration;
			buildSettings = {
				ALWAYS_EMBED_SWIFT_STANDARD_LIBRARIES = YES;
				BUNDLE_LOADER = "$(TEST_HOST)";
				CODE_SIGN_STYLE = Automatic;
				CURRENT_PROJECT_VERSION = 1;
				GENERATE_INFOPLIST_FILE = YES;
				IPHONEOS_DEPLOYMENT_TARGET = 16.4;
				MARKETING_VERSION = 1.0;
				PRODUCT_BUNDLE_IDENTIFIER = com.brunosilva.SwordTests;
				PRODUCT_NAME = "$(TARGET_NAME)";
				SWIFT_EMIT_LOC_STRINGS = NO;
				SWIFT_VERSION = 5.0;
				TARGETED_DEVICE_FAMILY = "1,2";
				TEST_HOST = "$(BUILT_PRODUCTS_DIR)/Sword.app/$(BUNDLE_EXECUTABLE_FOLDER_PATH)/Sword";
			};
			name = Debug;
		};
		7E971B5D2C6F547C00AF458A /* Release */ = {
			isa = XCBuildConfiguration;
			buildSettings = {
				ALWAYS_EMBED_SWIFT_STANDARD_LIBRARIES = YES;
				BUNDLE_LOADER = "$(TEST_HOST)";
				CODE_SIGN_STYLE = Automatic;
				CURRENT_PROJECT_VERSION = 1;
				GENERATE_INFOPLIST_FILE = YES;
				IPHONEOS_DEPLOYMENT_TARGET = 16.4;
				MARKETING_VERSION = 1.0;
				PRODUCT_BUNDLE_IDENTIFIER = com.brunosilva.SwordTests;
				PRODUCT_NAME = "$(TARGET_NAME)";
				SWIFT_EMIT_LOC_STRINGS = NO;
				SWIFT_VERSION = 5.0;
				TARGETED_DEVICE_FAMILY = "1,2";
				TEST_HOST = "$(BUILT_PRODUCTS_DIR)/Sword.app/$(BUNDLE_EXECUTABLE_FOLDER_PATH)/Sword";
			};
			name = Release;
		};
		7E971B5F2C6F547C00AF458A /* Debug */ = {
			isa = XCBuildConfiguration;
			buildSettings = {
				ALWAYS_EMBED_SWIFT_STANDARD_LIBRARIES = YES;
				CODE_SIGN_STYLE = Automatic;
				CURRENT_PROJECT_VERSION = 1;
				GENERATE_INFOPLIST_FILE = YES;
				MARKETING_VERSION = 1.0;
				PRODUCT_BUNDLE_IDENTIFIER = com.brunosilva.SwordUITests;
				PRODUCT_NAME = "$(TARGET_NAME)";
				SWIFT_EMIT_LOC_STRINGS = NO;
				SWIFT_VERSION = 5.0;
				TARGETED_DEVICE_FAMILY = "1,2";
				TEST_TARGET_NAME = Sword;
			};
			name = Debug;
		};
		7E971B602C6F547C00AF458A /* Release */ = {
			isa = XCBuildConfiguration;
			buildSettings = {
				ALWAYS_EMBED_SWIFT_STANDARD_LIBRARIES = YES;
				CODE_SIGN_STYLE = Automatic;
				CURRENT_PROJECT_VERSION = 1;
				GENERATE_INFOPLIST_FILE = YES;
				MARKETING_VERSION = 1.0;
				PRODUCT_BUNDLE_IDENTIFIER = com.brunosilva.SwordUITests;
				PRODUCT_NAME = "$(TARGET_NAME)";
				SWIFT_EMIT_LOC_STRINGS = NO;
				SWIFT_VERSION = 5.0;
				TARGETED_DEVICE_FAMILY = "1,2";
				TEST_TARGET_NAME = Sword;
			};
			name = Release;
		};
/* End XCBuildConfiguration section */

/* Begin XCConfigurationList section */
		7E971B2F2C6F547A00AF458A /* Build configuration list for PBXProject "Sword" */ = {
			isa = XCConfigurationList;
			buildConfigurations = (
				7E971B562C6F547C00AF458A /* Debug */,
				7E971B572C6F547C00AF458A /* Release */,
			);
			defaultConfigurationIsVisible = 0;
			defaultConfigurationName = Release;
		};
		7E971B582C6F547C00AF458A /* Build configuration list for PBXNativeTarget "Sword" */ = {
			isa = XCConfigurationList;
			buildConfigurations = (
				7E971B592C6F547C00AF458A /* Debug */,
				7E971B5A2C6F547C00AF458A /* Release */,
			);
			defaultConfigurationIsVisible = 0;
			defaultConfigurationName = Release;
		};
		7E971B5B2C6F547C00AF458A /* Build configuration list for PBXNativeTarget "SwordTests" */ = {
			isa = XCConfigurationList;
			buildConfigurations = (
				7E971B5C2C6F547C00AF458A /* Debug */,
				7E971B5D2C6F547C00AF458A /* Release */,
			);
			defaultConfigurationIsVisible = 0;
			defaultConfigurationName = Release;
		};
		7E971B5E2C6F547C00AF458A /* Build configuration list for PBXNativeTarget "SwordUITests" */ = {
			isa = XCConfigurationList;
			buildConfigurations = (
				7E971B5F2C6F547C00AF458A /* Debug */,
				7E971B602C6F547C00AF458A /* Release */,
			);
			defaultConfigurationIsVisible = 0;
			defaultConfigurationName = Release;
		};
/* End XCConfigurationList section */
	};
	rootObject = 7E971B2C2C6F547A00AF458A /* Project object */;
}
